github.com/nexryai/apng v0.0.3 h1:C2dcE1L+3FhRyjOnZQveCoiHvIagabesJUpBqZGbw6E=
github.com/nexryai/apng v0.0.3/go.mod h1:AYSOoTIs+2cJPM6qxPvetUwZpNdQLfM9YN9EPL6puW0=
golang.org/x/image v0.38.0 h1:5l+q+Y9JDC7mBOMjo4/aPhMDcxEptsX+Tt3GgRQRPuE=
golang.org/x/image v0.38.0/go.mod h1:/3f6vaXC+6CEanU4KJxbcUZyEePbyKbaLoDOe4ehFYY=
