github.com/nexryai/apng v0.0.3 h1:C2dcE1L+3FhRyjOnZQveCoiHvIagabesJUpBqZGbw6E=
github.com/nexryai/apng v0.0.3/go.mod h1:AYSOoTIs+2cJPM6qxPvetUwZpNdQLfM9YN9EPL6puW0=
golang.org/x/image v0.15.0 h1:kOELfmgrmJlw4Cdb7g/QGuB3CvDrXbqEIww/pNtNBm8=
golang.org/x/image v0.15.0/go.mod h1:HUYqC05R2ZcZ3ejNQsIHQDQiwWM4JBqmm6MKANTp4LE=
